
Microsoft Visual Studio Solution File, Format Version 12.00
# Visual Studio 15
VisualStudioVersion = 15.0.28307.1831
MinimumVisualStudioVersion = 10.0.40219.1
Project("{FAE04EC0-301F-11D3-BF4B-00C04F79EFBC}") = "Shipticketbooking", "Shipticketbooking\Shipticketbooking.csproj", "{D5926650-A758-4A70-B1F8-D5DEDB58315E}"
EndProject
Global
	GlobalSection(SolutionConfigurationPlatforms) = preSolution
		Debug|Any CPU = Debug|Any CPU
		Release|Any CPU = Release|Any CPU
	EndGlobalSection
	GlobalSection(ProjectConfigurationPlatforms) = postSolution
		{D5926650-A758-4A70-B1F8-D5DEDB58315E}.Debug|Any CPU.ActiveCfg = Debug|Any CPU
		{D5926650-A758-4A70-B1F8-D5DEDB58315E}.Debug|Any CPU.Build.0 = Debug|Any CPU
		{D5926650-A758-4A70-B1F8-D5DEDB58315E}.Release|Any CPU.ActiveCfg = Release|Any CPU
		{D5926650-A758-4A70-B1F8-D5DEDB58315E}.Release|Any CPU.Build.0 = Release|Any CPU
	EndGlobalSection
	GlobalSection(SolutionProperties) = preSolution
		HideSolutionNode = FALSE
	EndGlobalSection
	GlobalSection(ExtensibilityGlobals) = postSolution
		SolutionGuid = {754D4A65-5479-4677-9A70-550BB4A29AE9}
	EndGlobalSection
EndGlobal
